// !$*UTF8*$!
{
	archiveVersion = 1;
	classes = {
	};
	objectVersion = 46;
	objects = {

/* Begin PBXBuildFile section */
		7EB209120A4ED2F9EF28F0CA /* libPods-Instant Messager.a in Frameworks */ = {isa = PBXBuildFile; fileRef = 6D71AD007F23C253D6D375BF /* libPods-Instant Messager.a */; };
		E021B52E1E7C114F00EDAAD4 /* KeyboardAvoiding.m in Sources */ = {isa = PBXBuildFile; fileRef = E021B52D1E7C114F00EDAAD4 /* KeyboardAvoiding.m */; };
		E021B5361E7C2E0000EDAAD4 /* locked.png in Resources */ = {isa = PBXBuildFile; fileRef = E021B5351E7C2E0000EDAAD4 /* locked.png */; };
		E021B5381E7C390E00EDAAD4 /* icon.png in Resources */ = {isa = PBXBuildFile; fileRef = E021B5371E7C390E00EDAAD4 /* icon.png */; };
		E021B53B1E7C3D5800EDAAD4 /* Global.m in Sources */ = {isa = PBXBuildFile; fileRef = E021B53A1E7C3D5800EDAAD4 /* Global.m */; };
		E02421BB1E7406CA002BE83E /* main.m in Sources */ = {isa = PBXBuildFile; fileRef = E02421BA1E7406CA002BE83E /* main.m */; };
		E02421BE1E7406CA002BE83E /* AppDelegate.m in Sources */ = {isa = PBXBuildFile; fileRef = E02421BD1E7406CA002BE83E /* AppDelegate.m */; };
		E02421C41E7406CA002BE83E /* Main.storyboard in Resources */ = {isa = PBXBuildFile; fileRef = E02421C21E7406CA002BE83E /* Main.storyboard */; };
		E02421C61E7406CB002BE83E /* Assets.xcassets in Resources */ = {isa = PBXBuildFile; fileRef = E02421C51E7406CB002BE83E /* Assets.xcassets */; };
		E02421C91E7406CB002BE83E /* LaunchScreen.storyboard in Resources */ = {isa = PBXBuildFile; fileRef = E02421C71E7406CB002BE83E /* LaunchScreen.storyboard */; };
		E02421D41E7406CB002BE83E /* Instant_MessagerTests.m in Sources */ = {isa = PBXBuildFile; fileRef = E02421D31E7406CB002BE83E /* Instant_MessagerTests.m */; };
		E02421DF1E7406CB002BE83E /* Instant_MessagerUITests.m in Sources */ = {isa = PBXBuildFile; fileRef = E02421DE1E7406CB002BE83E /* Instant_MessagerUITests.m */; };
		E02A06C51E7A4BA7005D2810 /* InitPasswordViewController.m in Sources */ = {isa = PBXBuildFile; fileRef = E02A06C41E7A4BA7005D2810 /* InitPasswordViewController.m */; };
		E02A06C81E7A4C19005D2810 /* FriendListViewController.m in Sources */ = {isa = PBXBuildFile; fileRef = E02A06C71E7A4C19005D2810 /* FriendListViewController.m */; };
		E0860EF11E7A5D44001BE105 /* QuartzCore.framework in Frameworks */ = {isa = PBXBuildFile; fileRef = E0860EF01E7A5D44001BE105 /* QuartzCore.framework */; };
		E0860EF41E7A686C001BE105 /* AddFriendViewController.m in Sources */ = {isa = PBXBuildFile; fileRef = E0860EF31E7A686C001BE105 /* AddFriendViewController.m */; };
		E0860EFA1E7A7689001BE105 /* ConversationViewController.m in Sources */ = {isa = PBXBuildFile; fileRef = E0860EF91E7A7689001BE105 /* ConversationViewController.m */; };
		E0860EFD1E7A8BF2001BE105 /* TCTable.m in Sources */ = {isa = PBXBuildFile; fileRef = E0860EFC1E7A8BF2001BE105 /* TCTable.m */; };
		E0860F001E7A8C1C001BE105 /* SDSegmentedControl.m in Sources */ = {isa = PBXBuildFile; fileRef = E0860EFF1E7A8C1C001BE105 /* SDSegmentedControl.m */; };
		E0860F031E7A8C27001BE105 /* SwipeView.m in Sources */ = {isa = PBXBuildFile; fileRef = E0860F021E7A8C27001BE105 /* SwipeView.m */; };
		E09090591E97724B00071AC5 /* User.m in Sources */ = {isa = PBXBuildFile; fileRef = E09090581E97724B00071AC5 /* User.m */; };
		E094EBCA1E7E3C1C001350D3 /* GoogleService-Info.plist in Resources */ = {isa = PBXBuildFile; fileRef = E094EBC91E7E3C1C001350D3 /* GoogleService-Info.plist */; };
		E0E5679F1E76A4FD001FD9F1 /* secure_chat.png in Resources */ = {isa = PBXBuildFile; fileRef = E0E5679E1E76A4FD001FD9F1 /* secure_chat.png */; };
		E0E567A21E76A534001FD9F1 /* secure_chat_w.png in Resources */ = {isa = PBXBuildFile; fileRef = E0E567A11E76A534001FD9F1 /* secure_chat_w.png */; };
		E0E567A51E76A66B001FD9F1 /* LoginViewController.m in Sources */ = {isa = PBXBuildFile; fileRef = E0E567A41E76A66B001FD9F1 /* LoginViewController.m */; };
/* End PBXBuildFile section */

/* Begin PBXContainerItemProxy section */
		E02421D01E7406CB002BE83E /* PBXContainerItemProxy */ = {
			isa = PBXContainerItemProxy;
			containerPortal = E02421AE1E7406CA002BE83E /* Project object */;
			proxyType = 1;
			remoteGlobalIDString = E02421B51E7406CA002BE83E;
			remoteInfo = "Instant Messager";
		};
		E02421DB1E7406CB002BE83E /* PBXContainerItemProxy */ = {
			isa = PBXContainerItemProxy;
			containerPortal = E02421AE1E7406CA002BE83E /* Project object */;
			proxyType = 1;
			remoteGlobalIDString = E02421B51E7406CA002BE83E;
			remoteInfo = "Instant Messager";
		};
/* End PBXContainerItemProxy section */

/* Begin PBXFileReference section */
		3E4977F6409C7D88FD11150D /* Pods-Instant Messager.release.xcconfig */ = {isa = PBXFileReference; includeInIndex = 1; lastKnownFileType = text.xcconfig; name = "Pods-Instant Messager.release.xcconfig"; path = "Pods/Target Support Files/Pods-Instant Messager/Pods-Instant Messager.release.xcconfig"; sourceTree = "<group>"; };
		6D71AD007F23C253D6D375BF /* libPods-Instant Messager.a */ = {isa = PBXFileReference; explicitFileType = archive.ar; includeInIndex = 0; path = "libPods-Instant Messager.a"; sourceTree = BUILT_PRODUCTS_DIR; };
		8B93EDAA6C2B1DF3BA1321E3 /* Pods-Instant Messager.debug.xcconfig */ = {isa = PBXFileReference; includeInIndex = 1; lastKnownFileType = text.xcconfig; name = "Pods-Instant Messager.debug.xcconfig"; path = "Pods/Target Support Files/Pods-Instant Messager/Pods-Instant Messager.debug.xcconfig"; sourceTree = "<group>"; };
		E021B52C1E7C114F00EDAAD4 /* KeyboardAvoiding.h */ = {isa = PBXFileReference; fileEncoding = 4; lastKnownFileType = sourcecode.c.h; path = KeyboardAvoiding.h; sourceTree = "<group>"; };
		E021B52D1E7C114F00EDAAD4 /* KeyboardAvoiding.m */ = {isa = PBXFileReference; fileEncoding = 4; lastKnownFileType = sourcecode.c.objc; path = KeyboardAvoiding.m; sourceTree = "<group>"; };
		E021B5351E7C2E0000EDAAD4 /* locked.png */ = {isa = PBXFileReference; lastKnownFileType = image.png; path = locked.png; sourceTree = "<group>"; };
		E021B5371E7C390E00EDAAD4 /* icon.png */ = {isa = PBXFileReference; lastKnownFileType = image.png; path = icon.png; sourceTree = "<group>"; };
		E021B5391E7C3D5800EDAAD4 /* Global.h */ = {isa = PBXFileReference; fileEncoding = 4; lastKnownFileType = sourcecode.c.h; path = Global.h; sourceTree = "<group>"; };
		E021B53A1E7C3D5800EDAAD4 /* Global.m */ = {isa = PBXFileReference; fileEncoding = 4; lastKnownFileType = sourcecode.c.objc; path = Global.m; sourceTree = "<group>"; };
		E02421B61E7406CA002BE83E /* Instant Messager.app */ = {isa = PBXFileReference; explicitFileType = wrapper.application; includeInIndex = 0; path = "Instant Messager.app"; sourceTree = BUILT_PRODUCTS_DIR; };
		E02421BA1E7406CA002BE83E /* main.m */ = {isa = PBXFileReference; lastKnownFileType = sourcecode.c.objc; path = main.m; sourceTree = "<group>"; };
		E02421BC1E7406CA002BE83E /* AppDelegate.h */ = {isa = PBXFileReference; lastKnownFileType = sourcecode.c.h; path = AppDelegate.h; sourceTree = "<group>"; };
		E02421BD1E7406CA002BE83E /* AppDelegate.m */ = {isa = PBXFileReference; lastKnownFileType = sourcecode.c.objc; path = AppDelegate.m; sourceTree = "<group>"; };
		E02421C31E7406CA002BE83E /* Base */ = {isa = PBXFileReference; lastKnownFileType = file.storyboard; name = Base; path = Base.lproj/Main.storyboard; sourceTree = "<group>"; };
		E02421C51E7406CB002BE83E /* Assets.xcassets */ = {isa = PBXFileReference; lastKnownFileType = folder.assetcatalog; path = Assets.xcassets; sourceTree = "<group>"; };
		E02421C81E7406CB002BE83E /* Base */ = {isa = PBXFileReference; lastKnownFileType = file.storyboard; name = Base; path = Base.lproj/LaunchScreen.storyboard; sourceTree = "<group>"; };
		E02421CA1E7406CB002BE83E /* Info.plist */ = {isa = PBXFileReference; lastKnownFileType = text.plist.xml; path = Info.plist; sourceTree = "<group>"; };
		E02421CF1E7406CB002BE83E /* Instant MessagerTests.xctest */ = {isa = PBXFileReference; explicitFileType = wrapper.cfbundle; includeInIndex = 0; path = "Instant MessagerTests.xctest"; sourceTree = BUILT_PRODUCTS_DIR; };
		E02421D31E7406CB002BE83E /* Instant_MessagerTests.m */ = {isa = PBXFileReference; lastKnownFileType = sourcecode.c.objc; path = Instant_MessagerTests.m; sourceTree = "<group>"; };
		E02421D51E7406CB002BE83E /* Info.plist */ = {isa = PBXFileReference; lastKnownFileType = text.plist.xml; path = Info.plist; sourceTree = "<group>"; };
		E02421DA1E7406CB002BE83E /* Instant MessagerUITests.xctest */ = {isa = PBXFileReference; explicitFileType = wrapper.cfbundle; includeInIndex = 0; path = "Instant MessagerUITests.xctest"; sourceTree = BUILT_PRODUCTS_DIR; };
		E02421DE1E7406CB002BE83E /* Instant_MessagerUITests.m */ = {isa = PBXFileReference; lastKnownFileType = sourcecode.c.objc; path = Instant_MessagerUITests.m; sourceTree = "<group>"; };
		E02421E01E7406CB002BE83E /* Info.plist */ = {isa = PBXFileReference; lastKnownFileType = text.plist.xml; path = Info.plist; sourceTree = "<group>"; };
		E02A06C31E7A4BA7005D2810 /* InitPasswordViewController.h */ = {isa = PBXFileReference; fileEncoding = 4; lastKnownFileType = sourcecode.c.h; path = InitPasswordViewController.h; sourceTree = "<group>"; };
		E02A06C41E7A4BA7005D2810 /* InitPasswordViewController.m */ = {isa = PBXFileReference; fileEncoding = 4; lastKnownFileType = sourcecode.c.objc; path = InitPasswordViewController.m; sourceTree = "<group>"; };
		E02A06C61E7A4C19005D2810 /* FriendListViewController.h */ = {isa = PBXFileReference; fileEncoding = 4; lastKnownFileType = sourcecode.c.h; path = FriendListViewController.h; sourceTree = "<group>"; };
		E02A06C71E7A4C19005D2810 /* FriendListViewController.m */ = {isa = PBXFileReference; fileEncoding = 4; lastKnownFileType = sourcecode.c.objc; path = FriendListViewController.m; sourceTree = "<group>"; };
		E0860EF01E7A5D44001BE105 /* QuartzCore.framework */ = {isa = PBXFileReference; lastKnownFileType = wrapper.framework; name = QuartzCore.framework; path = System/Library/Frameworks/QuartzCore.framework; sourceTree = SDKROOT; };
		E0860EF21E7A686C001BE105 /* AddFriendViewController.h */ = {isa = PBXFileReference; fileEncoding = 4; lastKnownFileType = sourcecode.c.h; path = AddFriendViewController.h; sourceTree = "<group>"; };
		E0860EF31E7A686C001BE105 /* AddFriendViewController.m */ = {isa = PBXFileReference; fileEncoding = 4; lastKnownFileType = sourcecode.c.objc; path = AddFriendViewController.m; sourceTree = "<group>"; };
		E0860EF81E7A7689001BE105 /* ConversationViewController.h */ = {isa = PBXFileReference; fileEncoding = 4; lastKnownFileType = sourcecode.c.h; path = ConversationViewController.h; sourceTree = "<group>"; };
		E0860EF91E7A7689001BE105 /* ConversationViewController.m */ = {isa = PBXFileReference; fileEncoding = 4; lastKnownFileType = sourcecode.c.objc; path = ConversationViewController.m; sourceTree = "<group>"; };
		E0860EFB1E7A8BF2001BE105 /* TCTable.h */ = {isa = PBXFileReference; fileEncoding = 4; lastKnownFileType = sourcecode.c.h; path = TCTable.h; sourceTree = "<group>"; };
		E0860EFC1E7A8BF2001BE105 /* TCTable.m */ = {isa = PBXFileReference; fileEncoding = 4; lastKnownFileType = sourcecode.c.objc; path = TCTable.m; sourceTree = "<group>"; };
		E0860EFE1E7A8C1C001BE105 /* SDSegmentedControl.h */ = {isa = PBXFileReference; fileEncoding = 4; lastKnownFileType = sourcecode.c.h; path = SDSegmentedControl.h; sourceTree = "<group>"; };
		E0860EFF1E7A8C1C001BE105 /* SDSegmentedControl.m */ = {isa = PBXFileReference; fileEncoding = 4; lastKnownFileType = sourcecode.c.objc; path = SDSegmentedControl.m; sourceTree = "<group>"; };
		E0860F011E7A8C27001BE105 /* SwipeView.h */ = {isa = PBXFileReference; fileEncoding = 4; lastKnownFileType = sourcecode.c.h; path = SwipeView.h; sourceTree = "<group>"; };
		E0860F021E7A8C27001BE105 /* SwipeView.m */ = {isa = PBXFileReference; fileEncoding = 4; lastKnownFileType = sourcecode.c.objc; path = SwipeView.m; sourceTree = "<group>"; };
		E09090571E97724B00071AC5 /* User.h */ = {isa = PBXFileReference; fileEncoding = 4; lastKnownFileType = sourcecode.c.h; path = User.h; sourceTree = "<group>"; };
		E09090581E97724B00071AC5 /* User.m */ = {isa = PBXFileReference; fileEncoding = 4; lastKnownFileType = sourcecode.c.objc; path = User.m; sourceTree = "<group>"; };
		E094EBC91E7E3C1C001350D3 /* GoogleService-Info.plist */ = {isa = PBXFileReference; fileEncoding = 4; lastKnownFileType = text.plist.xml; path = "GoogleService-Info.plist"; sourceTree = "<group>"; };
		E0E5679E1E76A4FD001FD9F1 /* secure_chat.png */ = {isa = PBXFileReference; lastKnownFileType = image.png; path = secure_chat.png; sourceTree = "<group>"; };
		E0E567A11E76A534001FD9F1 /* secure_chat_w.png */ = {isa = PBXFileReference; lastKnownFileType = image.png; path = secure_chat_w.png; sourceTree = "<group>"; };
		E0E567A31E76A66B001FD9F1 /* LoginViewController.h */ = {isa = PBXFileReference; fileEncoding = 4; lastKnownFileType = sourcecode.c.h; path = LoginViewController.h; sourceTree = "<group>"; };
		E0E567A41E76A66B001FD9F1 /* LoginViewController.m */ = {isa = PBXFileReference; fileEncoding = 4; lastKnownFileType = sourcecode.c.objc; path = LoginViewController.m; sourceTree = "<group>"; };
/* End PBXFileReference section */

/* Begin PBXFrameworksBuildPhase section */
		E02421B31E7406CA002BE83E /* Frameworks */ = {
			isa = PBXFrameworksBuildPhase;
			buildActionMask = 2147483647;
			files = (
				E0860EF11E7A5D44001BE105 /* QuartzCore.framework in Frameworks */,
				7EB209120A4ED2F9EF28F0CA /* libPods-Instant Messager.a in Frameworks */,
			);
			runOnlyForDeploymentPostprocessing = 0;
		};
		E02421CC1E7406CB002BE83E /* Frameworks */ = {
			isa = PBXFrameworksBuildPhase;
			buildActionMask = 2147483647;
			files = (
			);
			runOnlyForDeploymentPostprocessing = 0;
		};
		E02421D71E7406CB002BE83E /* Frameworks */ = {
			isa = PBXFrameworksBuildPhase;
			buildActionMask = 2147483647;
			files = (
			);
			runOnlyForDeploymentPostprocessing = 0;
		};
/* End PBXFrameworksBuildPhase section */

/* Begin PBXGroup section */
		2E98578D55BA15BD5816F6A2 /* Frameworks */ = {
			isa = PBXGroup;
			children = (
				E0860EF01E7A5D44001BE105 /* QuartzCore.framework */,
				6D71AD007F23C253D6D375BF /* libPods-Instant Messager.a */,
			);
			name = Frameworks;
			sourceTree = "<group>";
		};
		E02421AD1E7406CA002BE83E = {
			isa = PBXGroup;
			children = (
				E02421B81E7406CA002BE83E /* Instant Messager */,
				E02421D21E7406CB002BE83E /* Instant MessagerTests */,
				E02421DD1E7406CB002BE83E /* Instant MessagerUITests */,
				E02421B71E7406CA002BE83E /* Products */,
				E3ACAD938DE0399F2F5E5ABC /* Pods */,
				2E98578D55BA15BD5816F6A2 /* Frameworks */,
			);
			sourceTree = "<group>";
		};
		E02421B71E7406CA002BE83E /* Products */ = {
			isa = PBXGroup;
			children = (
				E02421B61E7406CA002BE83E /* Instant Messager.app */,
				E02421CF1E7406CB002BE83E /* Instant MessagerTests.xctest */,
				E02421DA1E7406CB002BE83E /* Instant MessagerUITests.xctest */,
			);
			name = Products;
			sourceTree = "<group>";
		};
		E02421B81E7406CA002BE83E /* Instant Messager */ = {
			isa = PBXGroup;
			children = (
				E02421EC1E7406DB002BE83E /* 1 Model */,
				E02421ED1E7406E3002BE83E /* 2 View */,
				E02421EE1E7406F0002BE83E /* 3 Controller */,
				E02421EF1E7406F6002BE83E /* 4 Resource */,
				E02421F01E7406FC002BE83E /* 5 Framework */,
				E02421C21E7406CA002BE83E /* Main.storyboard */,
				E02421C51E7406CB002BE83E /* Assets.xcassets */,
				E02421C71E7406CB002BE83E /* LaunchScreen.storyboard */,
				E02421CA1E7406CB002BE83E /* Info.plist */,
				E094EBC91E7E3C1C001350D3 /* GoogleService-Info.plist */,
				E02421B91E7406CA002BE83E /* Supporting Files */,
			);
			path = "Instant Messager";
			sourceTree = "<group>";
		};
		E02421B91E7406CA002BE83E /* Supporting Files */ = {
			isa = PBXGroup;
			children = (
				E02421BA1E7406CA002BE83E /* main.m */,
			);
			name = "Supporting Files";
			sourceTree = "<group>";
		};
		E02421D21E7406CB002BE83E /* Instant MessagerTests */ = {
			isa = PBXGroup;
			children = (
				E02421D31E7406CB002BE83E /* Instant_MessagerTests.m */,
				E02421D51E7406CB002BE83E /* Info.plist */,
			);
			path = "Instant MessagerTests";
			sourceTree = "<group>";
		};
		E02421DD1E7406CB002BE83E /* Instant MessagerUITests */ = {
			isa = PBXGroup;
			children = (
				E02421DE1E7406CB002BE83E /* Instant_MessagerUITests.m */,
				E02421E01E7406CB002BE83E /* Info.plist */,
			);
			path = "Instant MessagerUITests";
			sourceTree = "<group>";
		};
		E02421EC1E7406DB002BE83E /* 1 Model */ = {
			isa = PBXGroup;
			children = (
				E02421BC1E7406CA002BE83E /* AppDelegate.h */,
				E02421BD1E7406CA002BE83E /* AppDelegate.m */,
				E021B5391E7C3D5800EDAAD4 /* Global.h */,
				E021B53A1E7C3D5800EDAAD4 /* Global.m */,
				E09090571E97724B00071AC5 /* User.h */,
				E09090581E97724B00071AC5 /* User.m */,
			);
			name = "1 Model";
			sourceTree = "<group>";
		};
		E02421ED1E7406E3002BE83E /* 2 View */ = {
			isa = PBXGroup;
			children = (
			);
			name = "2 View";
			sourceTree = "<group>";
		};
		E02421EE1E7406F0002BE83E /* 3 Controller */ = {
			isa = PBXGroup;
			children = (
				E0E567A31E76A66B001FD9F1 /* LoginViewController.h */,
				E0E567A41E76A66B001FD9F1 /* LoginViewController.m */,
				E02A06C31E7A4BA7005D2810 /* InitPasswordViewController.h */,
				E02A06C41E7A4BA7005D2810 /* InitPasswordViewController.m */,
				E02A06C61E7A4C19005D2810 /* FriendListViewController.h */,
				E02A06C71E7A4C19005D2810 /* FriendListViewController.m */,
				E0860EF21E7A686C001BE105 /* AddFriendViewController.h */,
				E0860EF31E7A686C001BE105 /* AddFriendViewController.m */,
				E0860EF81E7A7689001BE105 /* ConversationViewController.h */,
				E0860EF91E7A7689001BE105 /* ConversationViewController.m */,
			);
			name = "3 Controller";
			sourceTree = "<group>";
		};
		E02421EF1E7406F6002BE83E /* 4 Resource */ = {
			isa = PBXGroup;
			children = (
				E0E567A01E76A500001FD9F1 /* Image */,
			);
			name = "4 Resource";
			sourceTree = "<group>";
		};
		E02421F01E7406FC002BE83E /* 5 Framework */ = {
			isa = PBXGroup;
			children = (
				E021B52C1E7C114F00EDAAD4 /* KeyboardAvoiding.h */,
				E021B52D1E7C114F00EDAAD4 /* KeyboardAvoiding.m */,
				E0860EFB1E7A8BF2001BE105 /* TCTable.h */,
				E0860EFC1E7A8BF2001BE105 /* TCTable.m */,
				E0860EFE1E7A8C1C001BE105 /* SDSegmentedControl.h */,
				E0860EFF1E7A8C1C001BE105 /* SDSegmentedControl.m */,
				E0860F011E7A8C27001BE105 /* SwipeView.h */,
				E0860F021E7A8C27001BE105 /* SwipeView.m */,
			);
			name = "5 Framework";
			sourceTree = "<group>";
		};
		E0E567A01E76A500001FD9F1 /* Image */ = {
			isa = PBXGroup;
			children = (
				E021B5371E7C390E00EDAAD4 /* icon.png */,
				E021B5351E7C2E0000EDAAD4 /* locked.png */,
				E0E5679E1E76A4FD001FD9F1 /* secure_chat.png */,
				E0E567A11E76A534001FD9F1 /* secure_chat_w.png */,
			);
			name = Image;
			sourceTree = "<group>";
		};
		E3ACAD938DE0399F2F5E5ABC /* Pods */ = {
			isa = PBXGroup;
			children = (
				8B93EDAA6C2B1DF3BA1321E3 /* Pods-Instant Messager.debug.xcconfig */,
				3E4977F6409C7D88FD11150D /* Pods-Instant Messager.release.xcconfig */,
			);
			name = Pods;
			sourceTree = "<group>";
		};
/* End PBXGroup section */

/* Begin PBXNativeTarget section */
		E02421B51E7406CA002BE83E /* Instant Messager */ = {
			isa = PBXNativeTarget;
			buildConfigurationList = E02421E31E7406CB002BE83E /* Build configuration list for PBXNativeTarget "Instant Messager" */;
			buildPhases = (
				42E3349AB58CA286E63339EA /* [CP] Check Pods Manifest.lock */,
				E02421B21E7406CA002BE83E /* Sources */,
				E02421B31E7406CA002BE83E /* Frameworks */,
				0EB35B577C9EF318D721F673 /* [CP] Embed Pods Frameworks */,
				E02421B41E7406CA002BE83E /* Resources */,
				56E9F8756C94BFA90B1B1F6C /* [CP] Copy Pods Resources */,
			);
			buildRules = (
			);
			dependencies = (
			);
			name = "Instant Messager";
			productName = "Instant Messager";
			productReference = E02421B61E7406CA002BE83E /* Instant Messager.app */;
			productType = "com.apple.product-type.application";
		};
		E02421CE1E7406CB002BE83E /* Instant MessagerTests */ = {
			isa = PBXNativeTarget;
			buildConfigurationList = E02421E61E7406CB002BE83E /* Build configuration list for PBXNativeTarget "Instant MessagerTests" */;
			buildPhases = (
				E02421CB1E7406CB002BE83E /* Sources */,
				E02421CC1E7406CB002BE83E /* Frameworks */,
				E02421CD1E7406CB002BE83E /* Resources */,
			);
			buildRules = (
			);
			dependencies = (
				E02421D11E7406CB002BE83E /* PBXTargetDependency */,
			);
			name = "Instant MessagerTests";
			productName = "Instant MessagerTests";
			productReference = E02421CF1E7406CB002BE83E /* Instant MessagerTests.xctest */;
			productType = "com.apple.product-type.bundle.unit-test";
		};
		E02421D91E7406CB002BE83E /* Instant MessagerUITests */ = {
			isa = PBXNativeTarget;
			buildConfigurationList = E02421E91E7406CB002BE83E /* Build configuration list for PBXNativeTarget "Instant MessagerUITests" */;
			buildPhases = (
				E02421D61E7406CB002BE83E /* Sources */,
				E02421D71E7406CB002BE83E /* Frameworks */,
				E02421D81E7406CB002BE83E /* Resources */,
			);
			buildRules = (
			);
			dependencies = (
				E02421DC1E7406CB002BE83E /* PBXTargetDependency */,
			);
			name = "Instant MessagerUITests";
			productName = "Instant MessagerUITests";
			productReference = E02421DA1E7406CB002BE83E /* Instant MessagerUITests.xctest */;
			productType = "com.apple.product-type.bundle.ui-testing";
		};
/* End PBXNativeTarget section */

/* Begin PBXProject section */
		E02421AE1E7406CA002BE83E /* Project object */ = {
			isa = PBXProject;
			attributes = {
				LastUpgradeCheck = 0820;
				TargetAttributes = {
					E02421B51E7406CA002BE83E = {
						CreatedOnToolsVersion = 8.2.1;
						ProvisioningStyle = Automatic;
					};
					E02421CE1E7406CB002BE83E = {
						CreatedOnToolsVersion = 8.2.1;
						ProvisioningStyle = Automatic;
						TestTargetID = E02421B51E7406CA002BE83E;
					};
					E02421D91E7406CB002BE83E = {
						CreatedOnToolsVersion = 8.2.1;
						ProvisioningStyle = Automatic;
						TestTargetID = E02421B51E7406CA002BE83E;
					};
				};
			};
			buildConfigurationList = E02421B11E7406CA002BE83E /* Build configuration list for PBXProject "Instant Messager" */;
			compatibilityVersion = "Xcode 3.2";
			developmentRegion = English;
			hasScannedForEncodings = 0;
			knownRegions = (
				en,
				Base,
			);
			mainGroup = E02421AD1E7406CA002BE83E;
			productRefGroup = E02421B71E7406CA002BE83E /* Products */;
			projectDirPath = "";
			projectRoot = "";
			targets = (
				E02421B51E7406CA002BE83E /* Instant Messager */,
				E02421CE1E7406CB002BE83E /* Instant MessagerTests */,
				E02421D91E7406CB002BE83E /* Instant MessagerUITests */,
			);
		};
/* End PBXProject section */

/* Begin PBXResourcesBuildPhase section */
		E02421B41E7406CA002BE83E /* Resources */ = {
			isa = PBXResourcesBuildPhase;
			buildActionMask = 2147483647;
			files = (
				E0E5679F1E76A4FD001FD9F1 /* secure_chat.png in Resources */,
				E094EBCA1E7E3C1C001350D3 /* GoogleService-Info.plist in Resources */,
				E021B5381E7C390E00EDAAD4 /* icon.png in Resources */,
				E0E567A21E76A534001FD9F1 /* secure_chat_w.png in Resources */,
				E02421C91E7406CB002BE83E /* LaunchScreen.storyboard in Resources */,
				E021B5361E7C2E0000EDAAD4 /* locked.png in Resources */,
				E02421C61E7406CB002BE83E /* Assets.xcassets in Resources */,
				E02421C41E7406CA002BE83E /* Main.storyboard in Resources */,
			);
			runOnlyForDeploymentPostprocessing = 0;
		};
		E02421CD1E7406CB002BE83E /* Resources */ = {
			isa = PBXResourcesBuildPhase;
			buildActionMask = 2147483647;
			files = (
			);
			runOnlyForDeploymentPostprocessing = 0;
		};
		E02421D81E7406CB002BE83E /* Resources */ = {
			isa = PBXResourcesBuildPhase;
			buildActionMask = 2147483647;
			files = (
			);
			runOnlyForDeploymentPostprocessing = 0;
		};
/* End PBXResourcesBuildPhase section */

/* Begin PBXShellScriptBuildPhase section */
		0EB35B577C9EF318D721F673 /* [CP] Embed Pods Frameworks */ = {
			isa = PBXShellScriptBuildPhase;
			buildActionMask = 2147483647;
			files = (
			);
			inputPaths = (
			);
			name = "[CP] Embed Pods Frameworks";
			outputPaths = (
			);
			runOnlyForDeploymentPostprocessing = 0;
			shellPath = /bin/sh;
			shellScript = "\"${SRCROOT}/Pods/Target Support Files/Pods-Instant Messager/Pods-Instant Messager-frameworks.sh\"\n";
			showEnvVarsInLog = 0;
		};
		42E3349AB58CA286E63339EA /* [CP] Check Pods Manifest.lock */ = {
			isa = PBXShellScriptBuildPhase;
			buildActionMask = 2147483647;
			files = (
			);
			inputPaths = (
			);
			name = "[CP] Check Pods Manifest.lock";
			outputPaths = (
			);
			runOnlyForDeploymentPostprocessing = 0;
			shellPath = /bin/sh;
			shellScript = "diff \"${PODS_ROOT}/../Podfile.lock\" \"${PODS_ROOT}/Manifest.lock\" > /dev/null\nif [[ $? != 0 ]] ; then\n    cat << EOM\nerror: The sandbox is not in sync with the Podfile.lock. Run 'pod install' or update your CocoaPods installation.\nEOM\n    exit 1\nfi\n";
			showEnvVarsInLog = 0;
		};
		56E9F8756C94BFA90B1B1F6C /* [CP] Copy Pods Resources */ = {
			isa = PBXShellScriptBuildPhase;
			buildActionMask = 2147483647;
			files = (
			);
			inputPaths = (
			);
			name = "[CP] Copy Pods Resources";
			outputPaths = (
			);
			runOnlyForDeploymentPostprocessing = 0;
			shellPath = /bin/sh;
			shellScript = "\"${SRCROOT}/Pods/Target Support Files/Pods-Instant Messager/Pods-Instant Messager-resources.sh\"\n";
			showEnvVarsInLog = 0;
		};
/* End PBXShellScriptBuildPhase section */

/* Begin PBXSourcesBuildPhase section */
		E02421B21E7406CA002BE83E /* Sources */ = {
			isa = PBXSourcesBuildPhase;
			buildActionMask = 2147483647;
			files = (
				E09090591E97724B00071AC5 /* User.m in Sources */,
				E021B53B1E7C3D5800EDAAD4 /* Global.m in Sources */,
				E0860EFA1E7A7689001BE105 /* ConversationViewController.m in Sources */,
				E02421BE1E7406CA002BE83E /* AppDelegate.m in Sources */,
				E0860EF41E7A686C001BE105 /* AddFriendViewController.m in Sources */,
				E0860EFD1E7A8BF2001BE105 /* TCTable.m in Sources */,
				E02A06C81E7A4C19005D2810 /* FriendListViewController.m in Sources */,
				E02A06C51E7A4BA7005D2810 /* InitPasswordViewController.m in Sources */,
				E02421BB1E7406CA002BE83E /* main.m in Sources */,
				E0860F001E7A8C1C001BE105 /* SDSegmentedControl.m in Sources */,
				E0E567A51E76A66B001FD9F1 /* LoginViewController.m in Sources */,
				E0860F031E7A8C27001BE105 /* SwipeView.m in Sources */,
				E021B52E1E7C114F00EDAAD4 /* KeyboardAvoiding.m in Sources */,
			);
			runOnlyForDeploymentPostprocessing = 0;
		};
		E02421CB1E7406CB002BE83E /* Sources */ = {
			isa = PBXSourcesBuildPhase;
			buildActionMask = 2147483647;
			files = (
				E02421D41E7406CB002BE83E /* Instant_MessagerTests.m in Sources */,
			);
			runOnlyForDeploymentPostprocessing = 0;
		};
		E02421D61E7406CB002BE83E /* Sources */ = {
			isa = PBXSourcesBuildPhase;
			buildActionMask = 2147483647;
			files = (
				E02421DF1E7406CB002BE83E /* Instant_MessagerUITests.m in Sources */,
			);
			runOnlyForDeploymentPostprocessing = 0;
		};
/* End PBXSourcesBuildPhase section */

/* Begin PBXTargetDependency section */
		E02421D11E7406CB002BE83E /* PBXTargetDependency */ = {
			isa = PBXTargetDependency;
			target = E02421B51E7406CA002BE83E /* Instant Messager */;
			targetProxy = E02421D01E7406CB002BE83E /* PBXContainerItemProxy */;
		};
		E02421DC1E7406CB002BE83E /* PBXTargetDependency */ = {
			isa = PBXTargetDependency;
			target = E02421B51E7406CA002BE83E /* Instant Messager */;
			targetProxy = E02421DB1E7406CB002BE83E /* PBXContainerItemProxy */;
		};
/* End PBXTargetDependency section */

/* Begin PBXVariantGroup section */
		E02421C21E7406CA002BE83E /* Main.storyboard */ = {
			isa = PBXVariantGroup;
			children = (
				E02421C31E7406CA002BE83E /* Base */,
			);
			name = Main.storyboard;
			sourceTree = "<group>";
		};
		E02421C71E7406CB002BE83E /* LaunchScreen.storyboard */ = {
			isa = PBXVariantGroup;
			children = (
				E02421C81E7406CB002BE83E /* Base */,
			);
			name = LaunchScreen.storyboard;
			sourceTree = "<group>";
		};
/* End PBXVariantGroup section */

/* Begin XCBuildConfiguration section */
		E02421E11E7406CB002BE83E /* Debug */ = {
			isa = XCBuildConfiguration;
			buildSettings = {
				ALWAYS_SEARCH_USER_PATHS = NO;
				CLANG_ANALYZER_NONNULL = YES;
				CLANG_CXX_LANGUAGE_STANDARD = "gnu++0x";
				CLANG_CXX_LIBRARY = "libc++";
				CLANG_ENABLE_MODULES = YES;
				CLANG_ENABLE_OBJC_ARC = YES;
				CLANG_WARN_BOOL_CONVERSION = YES;
				CLANG_WARN_CONSTANT_CONVERSION = YES;
				CLANG_WARN_DIRECT_OBJC_ISA_USAGE = YES_ERROR;
				CLANG_WARN_DOCUMENTATION_COMMENTS = YES;
				CLANG_WARN_EMPTY_BODY = YES;
				CLANG_WARN_ENUM_CONVERSION = YES;
				CLANG_WARN_INFINITE_RECURSION = YES;
				CLANG_WARN_INT_CONVERSION = YES;
				CLANG_WARN_OBJC_ROOT_CLASS = YES_ERROR;
				CLANG_WARN_SUSPICIOUS_MOVE = YES;
				CLANG_WARN_UNREACHABLE_CODE = YES;
				CLANG_WARN__DUPLICATE_METHOD_MATCH = YES;
				"CODE_SIGN_IDENTITY[sdk=iphoneos*]" = "iPhone Developer";
				COPY_PHASE_STRIP = NO;
				DEBUG_INFORMATION_FORMAT = dwarf;
				ENABLE_STRICT_OBJC_MSGSEND = YES;
				ENABLE_TESTABILITY = YES;
				GCC_C_LANGUAGE_STANDARD = gnu99;
				GCC_DYNAMIC_NO_PIC = NO;
				GCC_NO_COMMON_BLOCKS = YES;
				GCC_OPTIMIZATION_LEVEL = 0;
				GCC_PREPROCESSOR_DEFINITIONS = (
					"DEBUG=1",
					"$(inherited)",
				);
				GCC_WARN_64_TO_32_BIT_CONVERSION = YES;
				GCC_WARN_ABOUT_RETURN_TYPE = YES_ERROR;
				GCC_WARN_UNDECLARED_SELECTOR = YES;
				GCC_WARN_UNINITIALIZED_AUTOS = YES_AGGRESSIVE;
				GCC_WARN_UNUSED_FUNCTION = YES;
				GCC_WARN_UNUSED_VARIABLE = YES;
				IPHONEOS_DEPLOYMENT_TARGET = 10.2;
				MTL_ENABLE_DEBUG_INFO = YES;
				ONLY_ACTIVE_ARCH = YES;
				SDKROOT = iphoneos;
				TARGETED_DEVICE_FAMILY = "1,2";
			};
			name = Debug;
		};
		E02421E21E7406CB002BE83E /* Release */ = {
			isa = XCBuildConfiguration;
			buildSettings = {
				ALWAYS_SEARCH_USER_PATHS = NO;
				CLANG_ANALYZER_NONNULL = YES;
				CLANG_CXX_LANGUAGE_STANDARD = "gnu++0x";
				CLANG_CXX_LIBRARY = "libc++";
				CLANG_ENABLE_MODULES = YES;
				CLANG_ENABLE_OBJC_ARC = YES;
				CLANG_WARN_BOOL_CONVERSION = YES;
				CLANG_WARN_CONSTANT_CONVERSION = YES;
				CLANG_WARN_DIRECT_OBJC_ISA_USAGE = YES_ERROR;
				CLANG_WARN_DOCUMENTATION_COMMENTS = YES;
				CLANG_WARN_EMPTY_BODY = YES;
				CLANG_WARN_ENUM_CONVERSION = YES;
				CLANG_WARN_INFINITE_RECURSION = YES;
				CLANG_WARN_INT_CONVERSION = YES;
				CLANG_WARN_OBJC_ROOT_CLASS = YES_ERROR;
				CLANG_WARN_SUSPICIOUS_MOVE = YES;
				CLANG_WARN_UNREACHABLE_CODE = YES;
				CLANG_WARN__DUPLICATE_METHOD_MATCH = YES;
				"CODE_SIGN_IDENTITY[sdk=iphoneos*]" = "iPhone Developer";
				COPY_PHASE_STRIP = NO;
				DEBUG_INFORMATION_FORMAT = "dwarf-with-dsym";
				ENABLE_NS_ASSERTIONS = NO;
				ENABLE_STRICT_OBJC_MSGSEND = YES;
				GCC_C_LANGUAGE_STANDARD = gnu99;
				GCC_NO_COMMON_BLOCKS = YES;
				GCC_WARN_64_TO_32_BIT_CONVERSION = YES;
				GCC_WARN_ABOUT_RETURN_TYPE = YES_ERROR;
				GCC_WARN_UNDECLARED_SELECTOR = YES;
				GCC_WARN_UNINITIALIZED_AUTOS = YES_AGGRESSIVE;
				GCC_WARN_UNUSED_FUNCTION = YES;
				GCC_WARN_UNUSED_VARIABLE = YES;
				IPHONEOS_DEPLOYMENT_TARGET = 10.2;
				MTL_ENABLE_DEBUG_INFO = NO;
				SDKROOT = iphoneos;
				TARGETED_DEVICE_FAMILY = "1,2";
				VALIDATE_PRODUCT = YES;
			};
			name = Release;
		};
		E02421E41E7406CB002BE83E /* Debug */ = {
			isa = XCBuildConfiguration;
			baseConfigurationReference = 8B93EDAA6C2B1DF3BA1321E3 /* Pods-Instant Messager.debug.xcconfig */;
			buildSettings = {
				ASSETCATALOG_COMPILER_APPICON_NAME = AppIcon;
				INFOPLIST_FILE = "Instant Messager/Info.plist";
				IPHONEOS_DEPLOYMENT_TARGET = 8.0;
				LD_RUNPATH_SEARCH_PATHS = "$(inherited) @executable_path/Frameworks";
				PRODUCT_BUNDLE_IDENTIFIER = com.mobilecomp.InstantMessager;
				PRODUCT_NAME = "$(TARGET_NAME)";
			};
			name = Debug;
		};
		E02421E51E7406CB002BE83E /* Release */ = {
			isa = XCBuildConfiguration;
			baseConfigurationReference = 3E4977F6409C7D88FD11150D /* Pods-Instant Messager.release.xcconfig */;
			buildSettings = {
				ASSETCATALOG_COMPILER_APPICON_NAME = AppIcon;
				INFOPLIST_FILE = "Instant Messager/Info.plist";
				IPHONEOS_DEPLOYMENT_TARGET = 8.0;
				LD_RUNPATH_SEARCH_PATHS = "$(inherited) @executable_path/Frameworks";
				PRODUCT_BUNDLE_IDENTIFIER = com.mobilecomp.InstantMessager;
				PRODUCT_NAME = "$(TARGET_NAME)";
			};
			name = Release;
		};
		E02421E71E7406CB002BE83E /* Debug */ = {
			isa = XCBuildConfiguration;
			buildSettings = {
				BUNDLE_LOADER = "$(TEST_HOST)";
				INFOPLIST_FILE = "Instant MessagerTests/Info.plist";
				LD_RUNPATH_SEARCH_PATHS = "$(inherited) @executable_path/Frameworks @loader_path/Frameworks";
				PRODUCT_BUNDLE_IDENTIFIER = "com.mobilecomp.Instant-MessagerTests";
				PRODUCT_NAME = "$(TARGET_NAME)";
				TEST_HOST = "$(BUILT_PRODUCTS_DIR)/Instant Messager.app/Instant Messager";
			};
			name = Debug;
		};
		E02421E81E7406CB002BE83E /* Release */ = {
			isa = XCBuildConfiguration;
			buildSettings = {
				BUNDLE_LOADER = "$(TEST_HOST)";
				INFOPLIST_FILE = "Instant MessagerTests/Info.plist";
				LD_RUNPATH_SEARCH_PATHS = "$(inherited) @executable_path/Frameworks @loader_path/Frameworks";
				PRODUCT_BUNDLE_IDENTIFIER = "com.mobilecomp.Instant-MessagerTests";
				PRODUCT_NAME = "$(TARGET_NAME)";
				TEST_HOST = "$(BUILT_PRODUCTS_DIR)/Instant Messager.app/Instant Messager";
			};
			name = Release;
		};
		E02421EA1E7406CB002BE83E /* Debug */ = {
			isa = XCBuildConfiguration;
			buildSettings = {
				INFOPLIST_FILE = "Instant MessagerUITests/Info.plist";
				LD_RUNPATH_SEARCH_PATHS = "$(inherited) @executable_path/Frameworks @loader_path/Frameworks";
				PRODUCT_BUNDLE_IDENTIFIER = "com.mobilecomp.Instant-MessagerUITests";
				PRODUCT_NAME = "$(TARGET_NAME)";
				TEST_TARGET_NAME = "Instant Messager";
			};
			name = Debug;
		};
		E02421EB1E7406CB002BE83E /* Release */ = {
			isa = XCBuildConfiguration;
			buildSettings = {
				INFOPLIST_FILE = "Instant MessagerUITests/Info.plist";
				LD_RUNPATH_SEARCH_PATHS = "$(inherited) @executable_path/Frameworks @loader_path/Frameworks";
				PRODUCT_BUNDLE_IDENTIFIER = "com.mobilecomp.Instant-MessagerUITests";
				PRODUCT_NAME = "$(TARGET_NAME)";
				TEST_TARGET_NAME = "Instant Messager";
			};
			name = Release;
		};
/* End XCBuildConfiguration section */

/* Begin XCConfigurationList section */
		E02421B11E7406CA002BE83E /* Build configuration list for PBXProject "Instant Messager" */ = {
			isa = XCConfigurationList;
			buildConfigurations = (
				E02421E11E7406CB002BE83E /* Debug */,
				E02421E21E7406CB002BE83E /* Release */,
			);
			defaultConfigurationIsVisible = 0;
			defaultConfigurationName = Release;
		};
		E02421E31E7406CB002BE83E /* Build configuration list for PBXNativeTarget "Instant Messager" */ = {
			isa = XCConfigurationList;
			buildConfigurations = (
				E02421E41E7406CB002BE83E /* Debug */,
				E02421E51E7406CB002BE83E /* Release */,
			);
			defaultConfigurationIsVisible = 0;
			defaultConfigurationName = Release;
		};
		E02421E61E7406CB002BE83E /* Build configuration list for PBXNativeTarget "Instant MessagerTests" */ = {
			isa = XCConfigurationList;
			buildConfigurations = (
				E02421E71E7406CB002BE83E /* Debug */,
				E02421E81E7406CB002BE83E /* Release */,
			);
			defaultConfigurationIsVisible = 0;
			defaultConfigurationName = Release;
		};
		E02421E91E7406CB002BE83E /* Build configuration list for PBXNativeTarget "Instant MessagerUITests" */ = {
			isa = XCConfigurationList;
			buildConfigurations = (
				E02421EA1E7406CB002BE83E /* Debug */,
				E02421EB1E7406CB002BE83E /* Release */,
			);
			defaultConfigurationIsVisible = 0;
			defaultConfigurationName = Release;
		};
/* End XCConfigurationList section */
	};
	rootObject = E02421AE1E7406CA002BE83E /* Project object */;
}
