PODS:
  - Atlas (1.0.30):
    - LayerKit (>= 0.23.0)
  - LayerKit (0.23.3)
  - Masonry (1.0.2)
  - MBProgressHUD (1.0.0)

DEPENDENCIES:
  - Atlas
  - Masonry
  - MBProgressHUD

SPEC CHECKSUMS:
  Atlas: 82ea2777b9bed19bc3704fd8b265af0301786d8c
  LayerKit: 128b3b0c036422458d621f81f36e6b42d372feba
  Masonry: 7c429b56da9d4ee0bbb3ed77a5ea710d6a5df39e
  MBProgressHUD: 4890f671c94e8a0f3cf959aa731e9de2f036d71a

PODFILE CHECKSUM: 0fdf7b00d289207d33a78a2ff80d88092c347117

COCOAPODS: 1.0.1
